
Microsoft Visual Studio Solution File, Format Version 12.00
# Visual Studio Version 16
VisualStudioVersion = 16.0.33920.266
MinimumVisualStudioVersion = 10.0.40219.1
Project("{FAE04EC0-301F-11D3-BF4B-00C04F79EFBC}") = "ADS_haberlesmesi", "ADS_haberlesmesi\ADS_haberlesmesi.csproj", "{A6AFFBA9-B32A-4699-86EF-060492D49870}"
EndProject
Global
	GlobalSection(SolutionConfigurationPlatforms) = preSolution
		Debug|Any CPU = Debug|Any CPU
		Release|Any CPU = Release|Any CPU
	EndGlobalSection
	GlobalSection(ProjectConfigurationPlatforms) = postSolution
		{A6AFFBA9-B32A-4699-86EF-060492D49870}.Debug|Any CPU.ActiveCfg = Debug|Any CPU
		{A6AFFBA9-B32A-4699-86EF-060492D49870}.Debug|Any CPU.Build.0 = Debug|Any CPU
		{A6AFFBA9-B32A-4699-86EF-060492D49870}.Release|Any CPU.ActiveCfg = Release|Any CPU
		{A6AFFBA9-B32A-4699-86EF-060492D49870}.Release|Any CPU.Build.0 = Release|Any CPU
	EndGlobalSection
	GlobalSection(SolutionProperties) = preSolution
		HideSolutionNode = FALSE
	EndGlobalSection
	GlobalSection(ExtensibilityGlobals) = postSolution
		SolutionGuid = {3A1AEF78-B4F8-4390-BBC0-21F240C88C19}
	EndGlobalSection
EndGlobal
